// !$*UTF8*$!
{
	archiveVersion = 1;
	classes = {
	};
	objectVersion = 46;
	objects = {

/* Begin PBXBuildFile section */
		0458DF5F1C4621A100D696DF /* main.m in Sources */ = {isa = PBXBuildFile; fileRef = 0458DF5E1C4621A100D696DF /* main.m */; };
		0458DF621C4621A100D696DF /* AppDelegate.m in Sources */ = {isa = PBXBuildFile; fileRef = 0458DF611C4621A100D696DF /* AppDelegate.m */; };
		0458DF651C4621A100D696DF /* ViewController.m in Sources */ = {isa = PBXBuildFile; fileRef = 0458DF641C4621A100D696DF /* ViewController.m */; };
		0458DF681C4621A100D696DF /* Main.storyboard in Resources */ = {isa = PBXBuildFile; fileRef = 0458DF661C4621A100D696DF /* Main.storyboard */; };
		0458DF6A1C4621A100D696DF /* Assets.xcassets in Resources */ = {isa = PBXBuildFile; fileRef = 0458DF691C4621A100D696DF /* Assets.xcassets */; };
		0458DF6D1C4621A100D696DF /* LaunchScreen.storyboard in Resources */ = {isa = PBXBuildFile; fileRef = 0458DF6B1C4621A100D696DF /* LaunchScreen.storyboard */; };
		0458DF781C4621A100D696DF /* LINTests.m in Sources */ = {isa = PBXBuildFile; fileRef = 0458DF771C4621A100D696DF /* LINTests.m */; };
		0458DF831C4621A100D696DF /* LINUITests.m in Sources */ = {isa = PBXBuildFile; fileRef = 0458DF821C4621A100D696DF /* LINUITests.m */; };
/* End PBXBuildFile section */

/* Begin PBXContainerItemProxy section */
		0458DF741C4621A100D696DF /* PBXContainerItemProxy */ = {
			isa = PBXContainerItemProxy;
			containerPortal = 0458DF521C4621A100D696DF /* Project object */;
			proxyType = 1;
			remoteGlobalIDString = 0458DF591C4621A100D696DF;
			remoteInfo = LIN;
		};
		0458DF7F1C4621A100D696DF /* PBXContainerItemProxy */ = {
			isa = PBXContainerItemProxy;
			containerPortal = 0458DF521C4621A100D696DF /* Project object */;
			proxyType = 1;
			remoteGlobalIDString = 0458DF591C4621A100D696DF;
			remoteInfo = LIN;
		};
/* End PBXContainerItemProxy section */

/* Begin PBXFileReference section */
		0458DF5A1C4621A100D696DF /* LIN.app */ = {isa = PBXFileReference; explicitFileType = wrapper.application; includeInIndex = 0; path = LIN.app; sourceTree = BUILT_PRODUCTS_DIR; };
		0458DF5E1C4621A100D696DF /* main.m */ = {isa = PBXFileReference; lastKnownFileType = sourcecode.c.objc; path = main.m; sourceTree = "<group>"; };
		0458DF601C4621A100D696DF /* AppDelegate.h */ = {isa = PBXFileReference; lastKnownFileType = sourcecode.c.h; path = AppDelegate.h; sourceTree = "<group>"; };
		0458DF611C4621A100D696DF /* AppDelegate.m */ = {isa = PBXFileReference; lastKnownFileType = sourcecode.c.objc; path = AppDelegate.m; sourceTree = "<group>"; };
		0458DF631C4621A100D696DF /* ViewController.h */ = {isa = PBXFileReference; lastKnownFileType = sourcecode.c.h; path = ViewController.h; sourceTree = "<group>"; };
		0458DF641C4621A100D696DF /* ViewController.m */ = {isa = PBXFileReference; lastKnownFileType = sourcecode.c.objc; path = ViewController.m; sourceTree = "<group>"; };
		0458DF671C4621A100D696DF /* Base */ = {isa = PBXFileReference; lastKnownFileType = file.storyboard; name = Base; path = Base.lproj/Main.storyboard; sourceTree = "<group>"; };
		0458DF691C4621A100D696DF /* Assets.xcassets */ = {isa = PBXFileReference; lastKnownFileType = folder.assetcatalog; path = Assets.xcassets; sourceTree = "<group>"; };
		0458DF6C1C4621A100D696DF /* Base */ = {isa = PBXFileReference; lastKnownFileType = file.storyboard; name = Base; path = Base.lproj/LaunchScreen.storyboard; sourceTree = "<group>"; };
		0458DF6E1C4621A100D696DF /* Info.plist */ = {isa = PBXFileReference; lastKnownFileType = text.plist.xml; path = Info.plist; sourceTree = "<group>"; };
		0458DF731C4621A100D696DF /* LINTests.xctest */ = {isa = PBXFileReference; explicitFileType = wrapper.cfbundle; includeInIndex = 0; path = LINTests.xctest; sourceTree = BUILT_PRODUCTS_DIR; };
		0458DF771C4621A100D696DF /* LINTests.m */ = {isa = PBXFileReference; lastKnownFileType = sourcecode.c.objc; path = LINTests.m; sourceTree = "<group>"; };
		0458DF791C4621A100D696DF /* Info.plist */ = {isa = PBXFileReference; lastKnownFileType = text.plist.xml; path = Info.plist; sourceTree = "<group>"; };
		0458DF7E1C4621A100D696DF /* LINUITests.xctest */ = {isa = PBXFileReference; explicitFileType = wrapper.cfbundle; includeInIndex = 0; path = LINUITests.xctest; sourceTree = BUILT_PRODUCTS_DIR; };
		0458DF821C4621A100D696DF /* LINUITests.m */ = {isa = PBXFileReference; lastKnownFileType = sourcecode.c.objc; path = LINUITests.m; sourceTree = "<group>"; };
		0458DF841C4621A100D696DF /* Info.plist */ = {isa = PBXFileReference; lastKnownFileType = text.plist.xml; path = Info.plist; sourceTree = "<group>"; };
/* End PBXFileReference section */

/* Begin PBXFrameworksBuildPhase section */
		0458DF571C4621A100D696DF /* Frameworks */ = {
			isa = PBXFrameworksBuildPhase;
			buildActionMask = 2147483647;
			files = (
			);
			runOnlyForDeploymentPostprocessing = 0;
		};
		0458DF701C4621A100D696DF /* Frameworks */ = {
			isa = PBXFrameworksBuildPhase;
			buildActionMask = 2147483647;
			files = (
			);
			runOnlyForDeploymentPostprocessing = 0;
		};
		0458DF7B1C4621A100D696DF /* Frameworks */ = {
			isa = PBXFrameworksBuildPhase;
			buildActionMask = 2147483647;
			files = (
			);
			runOnlyForDeploymentPostprocessing = 0;
		};
/* End PBXFrameworksBuildPhase section */

/* Begin PBXGroup section */
		0458DF511C4621A100D696DF = {
			isa = PBXGroup;
			children = (
				0458DF5C1C4621A100D696DF /* LIN */,
				0458DF761C4621A100D696DF /* LINTests */,
				0458DF811C4621A100D696DF /* LINUITests */,
				0458DF5B1C4621A100D696DF /* Products */,
			);
			sourceTree = "<group>";
		};
		0458DF5B1C4621A100D696DF /* Products */ = {
			isa = PBXGroup;
			children = (
				0458DF5A1C4621A100D696DF /* LIN.app */,
				0458DF731C4621A100D696DF /* LINTests.xctest */,
				0458DF7E1C4621A100D696DF /* LINUITests.xctest */,
			);
			name = Products;
			sourceTree = "<group>";
		};
		0458DF5C1C4621A100D696DF /* LIN */ = {
			isa = PBXGroup;
			children = (
				0458DF601C4621A100D696DF /* AppDelegate.h */,
				0458DF611C4621A100D696DF /* AppDelegate.m */,
				0458DF631C4621A100D696DF /* ViewController.h */,
				0458DF641C4621A100D696DF /* ViewController.m */,
				0458DF661C4621A100D696DF /* Main.storyboard */,
				0458DF691C4621A100D696DF /* Assets.xcassets */,
				0458DF6B1C4621A100D696DF /* LaunchScreen.storyboard */,
				0458DF6E1C4621A100D696DF /* Info.plist */,
				0458DF5D1C4621A100D696DF /* Supporting Files */,
			);
			path = LIN;
			sourceTree = "<group>";
		};
		0458DF5D1C4621A100D696DF /* Supporting Files */ = {
			isa = PBXGroup;
			children = (
				0458DF5E1C4621A100D696DF /* main.m */,
			);
			name = "Supporting Files";
			sourceTree = "<group>";
		};
		0458DF761C4621A100D696DF /* LINTests */ = {
			isa = PBXGroup;
			children = (
				0458DF771C4621A100D696DF /* LINTests.m */,
				0458DF791C4621A100D696DF /* Info.plist */,
			);
			path = LINTests;
			sourceTree = "<group>";
		};
		0458DF811C4621A100D696DF /* LINUITests */ = {
			isa = PBXGroup;
			children = (
				0458DF821C4621A100D696DF /* LINUITests.m */,
				0458DF841C4621A100D696DF /* Info.plist */,
			);
			path = LINUITests;
			sourceTree = "<group>";
		};
/* End PBXGroup section */

/* Begin PBXNativeTarget section */
		0458DF591C4621A100D696DF /* LIN */ = {
			isa = PBXNativeTarget;
			buildConfigurationList = 0458DF871C4621A100D696DF /* Build configuration list for PBXNativeTarget "LIN" */;
			buildPhases = (
				0458DF561C4621A100D696DF /* Sources */,
				0458DF571C4621A100D696DF /* Frameworks */,
				0458DF581C4621A100D696DF /* Resources */,
			);
			buildRules = (
			);
			dependencies = (
			);
			name = LIN;
			productName = LIN;
			productReference = 0458DF5A1C4621A100D696DF /* LIN.app */;
			productType = "com.apple.product-type.application";
		};
		0458DF721C4621A100D696DF /* LINTests */ = {
			isa = PBXNativeTarget;
			buildConfigurationList = 0458DF8A1C4621A100D696DF /* Build configuration list for PBXNativeTarget "LINTests" */;
			buildPhases = (
				0458DF6F1C4621A100D696DF /* Sources */,
				0458DF701C4621A100D696DF /* Frameworks */,
				0458DF711C4621A100D696DF /* Resources */,
			);
			buildRules = (
			);
			dependencies = (
				0458DF751C4621A100D696DF /* PBXTargetDependency */,
			);
			name = LINTests;
			productName = LINTests;
			productReference = 0458DF731C4621A100D696DF /* LINTests.xctest */;
			productType = "com.apple.product-type.bundle.unit-test";
		};
		0458DF7D1C4621A100D696DF /* LINUITests */ = {
			isa = PBXNativeTarget;
			buildConfigurationList = 0458DF8D1C4621A100D696DF /* Build configuration list for PBXNativeTarget "LINUITests" */;
			buildPhases = (
				0458DF7A1C4621A100D696DF /* Sources */,
				0458DF7B1C4621A100D696DF /* Frameworks */,
				0458DF7C1C4621A100D696DF /* Resources */,
			);
			buildRules = (
			);
			dependencies = (
				0458DF801C4621A100D696DF /* PBXTargetDependency */,
			);
			name = LINUITests;
			productName = LINUITests;
			productReference = 0458DF7E1C4621A100D696DF /* LINUITests.xctest */;
			productType = "com.apple.product-type.bundle.ui-testing";
		};
/* End PBXNativeTarget section */

/* Begin PBXProject section */
		0458DF521C4621A100D696DF /* Project object */ = {
			isa = PBXProject;
			attributes = {
				LastUpgradeCheck = 0720;
				ORGANIZATIONNAME = Jun;
				TargetAttributes = {
					0458DF591C4621A100D696DF = {
						CreatedOnToolsVersion = 7.2;
						DevelopmentTeam = YT24NVRLGJ;
					};
					0458DF721C4621A100D696DF = {
						CreatedOnToolsVersion = 7.2;
						DevelopmentTeam = YT24NVRLGJ;
						TestTargetID = 0458DF591C4621A100D696DF;
					};
					0458DF7D1C4621A100D696DF = {
						CreatedOnToolsVersion = 7.2;
						DevelopmentTeam = YT24NVRLGJ;
						TestTargetID = 0458DF591C4621A100D696DF;
					};
				};
			};
			buildConfigurationList = 0458DF551C4621A100D696DF /* Build configuration list for PBXProject "LIN" */;
			compatibilityVersion = "Xcode 3.2";
			developmentRegion = English;
			hasScannedForEncodings = 0;
			knownRegions = (
				en,
				Base,
			);
			mainGroup = 0458DF511C4621A100D696DF;
			productRefGroup = 0458DF5B1C4621A100D696DF /* Products */;
			projectDirPath = "";
			projectRoot = "";
			targets = (
				0458DF591C4621A100D696DF /* LIN */,
				0458DF721C4621A100D696DF /* LINTests */,
				0458DF7D1C4621A100D696DF /* LINUITests */,
			);
		};
/* End PBXProject section */

/* Begin PBXResourcesBuildPhase section */
		0458DF581C4621A100D696DF /* Resources */ = {
			isa = PBXResourcesBuildPhase;
			buildActionMask = 2147483647;
			files = (
				0458DF6D1C4621A100D696DF /* LaunchScreen.storyboard in Resources */,
				0458DF6A1C4621A100D696DF /* Assets.xcassets in Resources */,
				0458DF681C4621A100D696DF /* Main.storyboard in Resources */,
			);
			runOnlyForDeploymentPostprocessing = 0;
		};
		0458DF711C4621A100D696DF /* Resources */ = {
			isa = PBXResourcesBuildPhase;
			buildActionMask = 2147483647;
			files = (
			);
			runOnlyForDeploymentPostprocessing = 0;
		};
		0458DF7C1C4621A100D696DF /* Resources */ = {
			isa = PBXResourcesBuildPhase;
			buildActionMask = 2147483647;
			files = (
			);
			runOnlyForDeploymentPostprocessing = 0;
		};
/* End PBXResourcesBuildPhase section */

/* Begin PBXSourcesBuildPhase section */
		0458DF561C4621A100D696DF /* Sources */ = {
			isa = PBXSourcesBuildPhase;
			buildActionMask = 2147483647;
			files = (
				0458DF651C4621A100D696DF /* ViewController.m in Sources */,
				0458DF621C4621A100D696DF /* AppDelegate.m in Sources */,
				0458DF5F1C4621A100D696DF /* main.m in Sources */,
			);
			runOnlyForDeploymentPostprocessing = 0;
		};
		0458DF6F1C4621A100D696DF /* Sources */ = {
			isa = PBXSourcesBuildPhase;
			buildActionMask = 2147483647;
			files = (
				0458DF781C4621A100D696DF /* LINTests.m in Sources */,
			);
			runOnlyForDeploymentPostprocessing = 0;
		};
		0458DF7A1C4621A100D696DF /* Sources */ = {
			isa = PBXSourcesBuildPhase;
			buildActionMask = 2147483647;
			files = (
				0458DF831C4621A100D696DF /* LINUITests.m in Sources */,
			);
			runOnlyForDeploymentPostprocessing = 0;
		};
/* End PBXSourcesBuildPhase section */

/* Begin PBXTargetDependency section */
		0458DF751C4621A100D696DF /* PBXTargetDependency */ = {
			isa = PBXTargetDependency;
			target = 0458DF591C4621A100D696DF /* LIN */;
			targetProxy = 0458DF741C4621A100D696DF /* PBXContainerItemProxy */;
		};
		0458DF801C4621A100D696DF /* PBXTargetDependency */ = {
			isa = PBXTargetDependency;
			target = 0458DF591C4621A100D696DF /* LIN */;
			targetProxy = 0458DF7F1C4621A100D696DF /* PBXContainerItemProxy */;
		};
/* End PBXTargetDependency section */

/* Begin PBXVariantGroup section */
		0458DF661C4621A100D696DF /* Main.storyboard */ = {
			isa = PBXVariantGroup;
			children = (
				0458DF671C4621A100D696DF /* Base */,
			);
			name = Main.storyboard;
			sourceTree = "<group>";
		};
		0458DF6B1C4621A100D696DF /* LaunchScreen.storyboard */ = {
			isa = PBXVariantGroup;
			children = (
				0458DF6C1C4621A100D696DF /* Base */,
			);
			name = LaunchScreen.storyboard;
			sourceTree = "<group>";
		};
/* End PBXVariantGroup section */

/* Begin XCBuildConfiguration section */
		0458DF851C4621A100D696DF /* Debug */ = {
			isa = XCBuildConfiguration;
			buildSettings = {
				ALWAYS_SEARCH_USER_PATHS = NO;
				CLANG_CXX_LANGUAGE_STANDARD = "gnu++0x";
				CLANG_CXX_LIBRARY = "libc++";
				CLANG_ENABLE_MODULES = YES;
				CLANG_ENABLE_OBJC_ARC = YES;
				CLANG_WARN_BOOL_CONVERSION = YES;
				CLANG_WARN_CONSTANT_CONVERSION = YES;
				CLANG_WARN_DIRECT_OBJC_ISA_USAGE = YES_ERROR;
				CLANG_WARN_EMPTY_BODY = YES;
				CLANG_WARN_ENUM_CONVERSION = YES;
				CLANG_WARN_INT_CONVERSION = YES;
				CLANG_WARN_OBJC_ROOT_CLASS = YES_ERROR;
				CLANG_WARN_UNREACHABLE_CODE = YES;
				CLANG_WARN__DUPLICATE_METHOD_MATCH = YES;
				"CODE_SIGN_IDENTITY[sdk=iphoneos*]" = "iPhone Developer";
				COPY_PHASE_STRIP = NO;
				DEBUG_INFORMATION_FORMAT = dwarf;
				ENABLE_STRICT_OBJC_MSGSEND = YES;
				ENABLE_TESTABILITY = YES;
				GCC_C_LANGUAGE_STANDARD = gnu99;
				GCC_DYNAMIC_NO_PIC = NO;
				GCC_NO_COMMON_BLOCKS = YES;
				GCC_OPTIMIZATION_LEVEL = 0;
				GCC_PREPROCESSOR_DEFINITIONS = (
					"DEBUG=1",
					"$(inherited)",
				);
				GCC_WARN_64_TO_32_BIT_CONVERSION = YES;
				GCC_WARN_ABOUT_RETURN_TYPE = YES_ERROR;
				GCC_WARN_UNDECLARED_SELECTOR = YES;
				GCC_WARN_UNINITIALIZED_AUTOS = YES_AGGRESSIVE;
				GCC_WARN_UNUSED_FUNCTION = YES;
				GCC_WARN_UNUSED_VARIABLE = YES;
				IPHONEOS_DEPLOYMENT_TARGET = 9.2;
				MTL_ENABLE_DEBUG_INFO = YES;
				ONLY_ACTIVE_ARCH = YES;
				SDKROOT = iphoneos;
			};
			name = Debug;
		};
		0458DF861C4621A100D696DF /* Release */ = {
			isa = XCBuildConfiguration;
			buildSettings = {
				ALWAYS_SEARCH_USER_PATHS = NO;
				CLANG_CXX_LANGUAGE_STANDARD = "gnu++0x";
				CLANG_CXX_LIBRARY = "libc++";
				CLANG_ENABLE_MODULES = YES;
				CLANG_ENABLE_OBJC_ARC = YES;
				CLANG_WARN_BOOL_CONVERSION = YES;
				CLANG_WARN_CONSTANT_CONVERSION = YES;
				CLANG_WARN_DIRECT_OBJC_ISA_USAGE = YES_ERROR;
				CLANG_WARN_EMPTY_BODY = YES;
				CLANG_WARN_ENUM_CONVERSION = YES;
				CLANG_WARN_INT_CONVERSION = YES;
				CLANG_WARN_OBJC_ROOT_CLASS = YES_ERROR;
				CLANG_WARN_UNREACHABLE_CODE = YES;
				CLANG_WARN__DUPLICATE_METHOD_MATCH = YES;
				"CODE_SIGN_IDENTITY[sdk=iphoneos*]" = "iPhone Developer";
				COPY_PHASE_STRIP = NO;
				DEBUG_INFORMATION_FORMAT = "dwarf-with-dsym";
				ENABLE_NS_ASSERTIONS = NO;
				ENABLE_STRICT_OBJC_MSGSEND = YES;
				GCC_C_LANGUAGE_STANDARD = gnu99;
				GCC_NO_COMMON_BLOCKS = YES;
				GCC_WARN_64_TO_32_BIT_CONVERSION = YES;
				GCC_WARN_ABOUT_RETURN_TYPE = YES_ERROR;
				GCC_WARN_UNDECLARED_SELECTOR = YES;
				GCC_WARN_UNINITIALIZED_AUTOS = YES_AGGRESSIVE;
				GCC_WARN_UNUSED_FUNCTION = YES;
				GCC_WARN_UNUSED_VARIABLE = YES;
				IPHONEOS_DEPLOYMENT_TARGET = 9.2;
				MTL_ENABLE_DEBUG_INFO = NO;
				SDKROOT = iphoneos;
				VALIDATE_PRODUCT = YES;
			};
			name = Release;
		};
		0458DF881C4621A100D696DF /* Debug */ = {
			isa = XCBuildConfiguration;
			buildSettings = {
				ASSETCATALOG_COMPILER_APPICON_NAME = AppIcon;
				INFOPLIST_FILE = LIN/Info.plist;
				LD_RUNPATH_SEARCH_PATHS = "$(inherited) @executable_path/Frameworks";
				PRODUCT_BUNDLE_IDENTIFIER = com.bjsxt.LIN;
				PRODUCT_NAME = "$(TARGET_NAME)";
			};
			name = Debug;
		};
		0458DF891C4621A100D696DF /* Release */ = {
			isa = XCBuildConfiguration;
			buildSettings = {
				ASSETCATALOG_COMPILER_APPICON_NAME = AppIcon;
				INFOPLIST_FILE = LIN/Info.plist;
				LD_RUNPATH_SEARCH_PATHS = "$(inherited) @executable_path/Frameworks";
				PRODUCT_BUNDLE_IDENTIFIER = com.bjsxt.LIN;
				PRODUCT_NAME = "$(TARGET_NAME)";
			};
			name = Release;
		};
		0458DF8B1C4621A100D696DF /* Debug */ = {
			isa = XCBuildConfiguration;
			buildSettings = {
				BUNDLE_LOADER = "$(TEST_HOST)";
				INFOPLIST_FILE = LINTests/Info.plist;
				LD_RUNPATH_SEARCH_PATHS = "$(inherited) @executable_path/Frameworks @loader_path/Frameworks";
				PRODUCT_BUNDLE_IDENTIFIER = com.bjsxt.LINTests;
				PRODUCT_NAME = "$(TARGET_NAME)";
				TEST_HOST = "$(BUILT_PRODUCTS_DIR)/LIN.app/LIN";
			};
			name = Debug;
		};
		0458DF8C1C4621A100D696DF /* Release */ = {
			isa = XCBuildConfiguration;
			buildSettings = {
				BUNDLE_LOADER = "$(TEST_HOST)";
				INFOPLIST_FILE = LINTests/Info.plist;
				LD_RUNPATH_SEARCH_PATHS = "$(inherited) @executable_path/Frameworks @loader_path/Frameworks";
				PRODUCT_BUNDLE_IDENTIFIER = com.bjsxt.LINTests;
				PRODUCT_NAME = "$(TARGET_NAME)";
				TEST_HOST = "$(BUILT_PRODUCTS_DIR)/LIN.app/LIN";
			};
			name = Release;
		};
		0458DF8E1C4621A100D696DF /* Debug */ = {
			isa = XCBuildConfiguration;
			buildSettings = {
				INFOPLIST_FILE = LINUITests/Info.plist;
				LD_RUNPATH_SEARCH_PATHS = "$(inherited) @executable_path/Frameworks @loader_path/Frameworks";
				PRODUCT_BUNDLE_IDENTIFIER = com.bjsxt.LINUITests;
				PRODUCT_NAME = "$(TARGET_NAME)";
				TEST_TARGET_NAME = LIN;
				USES_XCTRUNNER = YES;
			};
			name = Debug;
		};
		0458DF8F1C4621A100D696DF /* Release */ = {
			isa = XCBuildConfiguration;
			buildSettings = {
				INFOPLIST_FILE = LINUITests/Info.plist;
				LD_RUNPATH_SEARCH_PATHS = "$(inherited) @executable_path/Frameworks @loader_path/Frameworks";
				PRODUCT_BUNDLE_IDENTIFIER = com.bjsxt.LINUITests;
				PRODUCT_NAME = "$(TARGET_NAME)";
				TEST_TARGET_NAME = LIN;
				USES_XCTRUNNER = YES;
			};
			name = Release;
		};
/* End XCBuildConfiguration section */

/* Begin XCConfigurationList section */
		0458DF551C4621A100D696DF /* Build configuration list for PBXProject "LIN" */ = {
			isa = XCConfigurationList;
			buildConfigurations = (
				0458DF851C4621A100D696DF /* Debug */,
				0458DF861C4621A100D696DF /* Release */,
			);
			defaultConfigurationIsVisible = 0;
			defaultConfigurationName = Release;
		};
		0458DF871C4621A100D696DF /* Build configuration list for PBXNativeTarget "LIN" */ = {
			isa = XCConfigurationList;
			buildConfigurations = (
				0458DF881C4621A100D696DF /* Debug */,
				0458DF891C4621A100D696DF /* Release */,
			);
			defaultConfigurationIsVisible = 0;
		};
		0458DF8A1C4621A100D696DF /* Build configuration list for PBXNativeTarget "LINTests" */ = {
			isa = XCConfigurationList;
			buildConfigurations = (
				0458DF8B1C4621A100D696DF /* Debug */,
				0458DF8C1C4621A100D696DF /* Release */,
			);
			defaultConfigurationIsVisible = 0;
		};
		0458DF8D1C4621A100D696DF /* Build configuration list for PBXNativeTarget "LINUITests" */ = {
			isa = XCConfigurationList;
			buildConfigurations = (
				0458DF8E1C4621A100D696DF /* Debug */,
				0458DF8F1C4621A100D696DF /* Release */,
			);
			defaultConfigurationIsVisible = 0;
		};
/* End XCConfigurationList section */
	};
	rootObject = 0458DF521C4621A100D696DF /* Project object */;
}
